
Microsoft Visual Studio Solution File, Format Version 12.00
# Visual Studio Version 16
VisualStudioVersion = 16.0.808.4
MinimumVisualStudioVersion = 10.0.40219.1
Project("{FAE04EC0-301F-11D3-BF4B-00C04F79EFBC}") = "CurlThinLib", "CurlThinLib.csproj", "{DEBCDD0B-1832-4E19-9F59-7BB81055A46D}"
EndProject
Global
	GlobalSection(SolutionConfigurationPlatforms) = preSolution
		Debug|Any CPU = Debug|Any CPU
		Release|Any CPU = Release|Any CPU
	EndGlobalSection
	GlobalSection(ProjectConfigurationPlatforms) = postSolution
		{DEBCDD0B-1832-4E19-9F59-7BB81055A46D}.Debug|Any CPU.ActiveCfg = Debug|Any CPU
		{DEBCDD0B-1832-4E19-9F59-7BB81055A46D}.Debug|Any CPU.Build.0 = Debug|Any CPU
		{DEBCDD0B-1832-4E19-9F59-7BB81055A46D}.Release|Any CPU.ActiveCfg = Release|Any CPU
		{DEBCDD0B-1832-4E19-9F59-7BB81055A46D}.Release|Any CPU.Build.0 = Release|Any CPU
	EndGlobalSection
	GlobalSection(SolutionProperties) = preSolution
		HideSolutionNode = FALSE
	EndGlobalSection
	GlobalSection(ExtensibilityGlobals) = postSolution
		SolutionGuid = {92D8837A-F0D8-4C50-B908-94522DD002B6}
	EndGlobalSection
EndGlobal
